
Microsoft Visual Studio Solution File, Format Version 12.00
# Visual Studio 15
VisualStudioVersion = 15.0.27703.2026
MinimumVisualStudioVersion = 10.0.40219.1
Project("{9A19103F-16F7-4668-BE54-9A1E7A4F7556}") = "Api", "Api\Api.csproj", "{9DFBF082-935C-4489-AFB3-B484EF92CCB6}"
EndProject
Project("{2150E333-8FDC-42A3-9474-1A3956D46DE8}") = "Tests", "Tests", "{F1C140BF-BEA2-4FC4-9A96-DCA900E7A6DD}"
EndProject
Project("{FAE04EC0-301F-11D3-BF4B-00C04F79EFBC}") = "Api.Tests", "Api.Tests\Api.Tests.csproj", "{43B91106-D509-40CE-932A-68EDD8E9E628}"
EndProject
Global
	GlobalSection(SolutionConfigurationPlatforms) = preSolution
		Debug|Any CPU = Debug|Any CPU
		Release|Any CPU = Release|Any CPU
	EndGlobalSection
	GlobalSection(ProjectConfigurationPlatforms) = postSolution
		{9DFBF082-935C-4489-AFB3-B484EF92CCB6}.Debug|Any CPU.ActiveCfg = Debug|Any CPU
		{9DFBF082-935C-4489-AFB3-B484EF92CCB6}.Debug|Any CPU.Build.0 = Debug|Any CPU
		{9DFBF082-935C-4489-AFB3-B484EF92CCB6}.Release|Any CPU.ActiveCfg = Release|Any CPU
		{9DFBF082-935C-4489-AFB3-B484EF92CCB6}.Release|Any CPU.Build.0 = Release|Any CPU
		{43B91106-D509-40CE-932A-68EDD8E9E628}.Debug|Any CPU.ActiveCfg = Debug|Any CPU
		{43B91106-D509-40CE-932A-68EDD8E9E628}.Debug|Any CPU.Build.0 = Debug|Any CPU
		{43B91106-D509-40CE-932A-68EDD8E9E628}.Release|Any CPU.ActiveCfg = Release|Any CPU
		{43B91106-D509-40CE-932A-68EDD8E9E628}.Release|Any CPU.Build.0 = Release|Any CPU
	EndGlobalSection
	GlobalSection(SolutionProperties) = preSolution
		HideSolutionNode = FALSE
	EndGlobalSection
	GlobalSection(NestedProjects) = preSolution
		{43B91106-D509-40CE-932A-68EDD8E9E628} = {F1C140BF-BEA2-4FC4-9A96-DCA900E7A6DD}
	EndGlobalSection
	GlobalSection(ExtensibilityGlobals) = postSolution
		SolutionGuid = {72F44C56-8AB1-478D-9934-08692767381A}
	EndGlobalSection
EndGlobal
